
Microsoft Visual Studio Solution File, Format Version 12.00
# Visual Studio Version 16
VisualStudioVersion = 16.0.31829.152
MinimumVisualStudioVersion = 10.0.40219.1
Project("{FAE04EC0-301F-11D3-BF4B-00C04F79EFBC}") = "BolingerTest", "BolingerTest\BolingerTest.csproj", "{3F49076F-4536-4399-B469-42A4DD109738}"
EndProject
Global
	GlobalSection(SolutionConfigurationPlatforms) = preSolution
		Debug|Any CPU = Debug|Any CPU
		Release|Any CPU = Release|Any CPU
	EndGlobalSection
	GlobalSection(ProjectConfigurationPlatforms) = postSolution
		{3F49076F-4536-4399-B469-42A4DD109738}.Debug|Any CPU.ActiveCfg = Debug|Any CPU
		{3F49076F-4536-4399-B469-42A4DD109738}.Debug|Any CPU.Build.0 = Debug|Any CPU
		{3F49076F-4536-4399-B469-42A4DD109738}.Release|Any CPU.ActiveCfg = Release|Any CPU
		{3F49076F-4536-4399-B469-42A4DD109738}.Release|Any CPU.Build.0 = Release|Any CPU
	EndGlobalSection
	GlobalSection(SolutionProperties) = preSolution
		HideSolutionNode = FALSE
	EndGlobalSection
	GlobalSection(ExtensibilityGlobals) = postSolution
		SolutionGuid = {1FEBD93C-0F31-4975-B62D-E2E0511F3548}
	EndGlobalSection
EndGlobal
